
Microsoft Visual Studio Solution File, Format Version 12.00
# Visual Studio Version 17
VisualStudioVersion = 17.5.33530.505
MinimumVisualStudioVersion = 10.0.40219.1
Project("{FAE04EC0-301F-11D3-BF4B-00C04F79EFBC}") = "HelpDesk__Matea_Klement", "HelpDesk__Matea_Klement\HelpDesk__Matea_Klement.csproj", "{7C82E511-2CCE-4FF2-BEA4-0FD9D6F69170}"
EndProject
Global
	GlobalSection(SolutionConfigurationPlatforms) = preSolution
		Debug|Any CPU = Debug|Any CPU
		Release|Any CPU = Release|Any CPU
	EndGlobalSection
	GlobalSection(ProjectConfigurationPlatforms) = postSolution
		{7C82E511-2CCE-4FF2-BEA4-0FD9D6F69170}.Debug|Any CPU.ActiveCfg = Debug|Any CPU
		{7C82E511-2CCE-4FF2-BEA4-0FD9D6F69170}.Debug|Any CPU.Build.0 = Debug|Any CPU
		{7C82E511-2CCE-4FF2-BEA4-0FD9D6F69170}.Release|Any CPU.ActiveCfg = Release|Any CPU
		{7C82E511-2CCE-4FF2-BEA4-0FD9D6F69170}.Release|Any CPU.Build.0 = Release|Any CPU
	EndGlobalSection
	GlobalSection(SolutionProperties) = preSolution
		HideSolutionNode = FALSE
	EndGlobalSection
	GlobalSection(ExtensibilityGlobals) = postSolution
		SolutionGuid = {E8879151-1D98-40D7-8FA3-18BC7AEB850C}
	EndGlobalSection
EndGlobal
